
Microsoft Visual Studio Solution File, Format Version 12.00
# Visual Studio Version 16
VisualStudioVersion = 16.0.30204.135
MinimumVisualStudioVersion = 10.0.40219.1
Project("{FAE04EC0-301F-11D3-BF4B-00C04F79EFBC}") = "abstract_factory", "abstract_factory\abstract_factory.csproj", "{5B9FE995-DB5E-490D-800F-73685C58CC16}"
EndProject
Global
	GlobalSection(SolutionConfigurationPlatforms) = preSolution
		Debug|Any CPU = Debug|Any CPU
		Release|Any CPU = Release|Any CPU
	EndGlobalSection
	GlobalSection(ProjectConfigurationPlatforms) = postSolution
		{5B9FE995-DB5E-490D-800F-73685C58CC16}.Debug|Any CPU.ActiveCfg = Debug|Any CPU
		{5B9FE995-DB5E-490D-800F-73685C58CC16}.Debug|Any CPU.Build.0 = Debug|Any CPU
		{5B9FE995-DB5E-490D-800F-73685C58CC16}.Release|Any CPU.ActiveCfg = Release|Any CPU
		{5B9FE995-DB5E-490D-800F-73685C58CC16}.Release|Any CPU.Build.0 = Release|Any CPU
	EndGlobalSection
	GlobalSection(SolutionProperties) = preSolution
		HideSolutionNode = FALSE
	EndGlobalSection
	GlobalSection(ExtensibilityGlobals) = postSolution
		SolutionGuid = {E1835931-06C9-4D4A-8D16-ABD8F261AD49}
	EndGlobalSection
EndGlobal
